
Microsoft Visual Studio Solution File, Format Version 12.00
# Visual Studio Version 17
VisualStudioVersion = 17.0.31912.275
MinimumVisualStudioVersion = 10.0.40219.1
Project("{FAE04EC0-301F-11D3-BF4B-00C04F79EFBC}") = "Lab3Coffee", "Lab3Coffee\Lab3Coffee.csproj", "{55F778F1-B608-48AD-9590-A7732FD70211}"
EndProject
Global
	GlobalSection(SolutionConfigurationPlatforms) = preSolution
		Debug|Any CPU = Debug|Any CPU
		Release|Any CPU = Release|Any CPU
	EndGlobalSection
	GlobalSection(ProjectConfigurationPlatforms) = postSolution
		{55F778F1-B608-48AD-9590-A7732FD70211}.Debug|Any CPU.ActiveCfg = Debug|Any CPU
		{55F778F1-B608-48AD-9590-A7732FD70211}.Debug|Any CPU.Build.0 = Debug|Any CPU
		{55F778F1-B608-48AD-9590-A7732FD70211}.Release|Any CPU.ActiveCfg = Release|Any CPU
		{55F778F1-B608-48AD-9590-A7732FD70211}.Release|Any CPU.Build.0 = Release|Any CPU
	EndGlobalSection
	GlobalSection(SolutionProperties) = preSolution
		HideSolutionNode = FALSE
	EndGlobalSection
	GlobalSection(ExtensibilityGlobals) = postSolution
		SolutionGuid = {45E8B16E-0AE9-4037-81CF-90C9496444C2}
	EndGlobalSection
EndGlobal
